<?xml version="1.0" encoding="utf-8"?>
<Project ToolsVersion="4.0" xmlns="http://schemas.microsoft.com/developer/msbuild/2003">
  <ItemGroup>
    <Filter Include="Source Files">
      <UniqueIdentifier>{4FC737F1-C7A5-4376-A066-2A32D752A2FF}</UniqueIdentifier>
      <Extensions>cpp;c;cc;cxx;c++;cppm;ixx;def;odl;idl;hpj;bat;asm;asmx</Extensions>
    </Filter>
    <Filter Include="Header Files">
      <UniqueIdentifier>{93995380-89BD-4b04-88EB-625FBE52EBFB}</UniqueIdentifier>
      <Extensions>h;hh;hpp;hxx;h++;hm;inl;inc;ipp;xsd</Extensions>
    </Filter>
    <Filter Include="Header Files\Components">
      <UniqueIdentifier>{33651ec2-ddd3-4a44-851f-7947358e24b3}</UniqueIdentifier>
    </Filter>
    <Filter Include="Source Files\Components">
      <UniqueIdentifier>{40b67da2-b03f-41e1-a46e-dfce4c584c80}</UniqueIdentifier>
    </Filter>
    <Filter Include="Shaders">
      <UniqueIdentifier>{9abf6c84-b71e-4e04-ab77-26140c9a3c1f}</UniqueIdentifier>
    </Filter>
    <Filter Include="Header Files\Shading">
      <UniqueIdentifier>{cc7f70a1-7c14-41de-9684-38bcf8a3f342}</UniqueIdentifier>
    </Filter>
    <Filter Include="Source Files\Shading">
      <UniqueIdentifier>{48531e43-055d-409b-adb2-ca29cae9cc3c}</UniqueIdentifier>
    </Filter>
    <Filter Include="Models">
      <UniqueIdentifier>{bb331b87-262d-473d-82c0-6609218344ea}</UniqueIdentifier>
    </Filter>
    <Filter Include="Shaders\Resource Files">
      <UniqueIdentifier>{67DA6AB6-F800-4c08-8B7A-83BB121AAD01}</UniqueIdentifier>
      <Extensions>rc;ico;cur;bmp;dlg;rc2;rct;bin;rgs;gif;jpg;jpeg;jpe;resx;tiff;tif;png;wav;mfcribbon-ms</Extensions>
    </Filter>
    <Filter Include="Header Files\pugixml">
      <UniqueIdentifier>{4e9f8301-d3fa-4477-8f4a-9d1fb0fddb1f}</UniqueIdentifier>
    </Filter>
  </ItemGroup>
  <ItemGroup>
    <ClCompile Include="Source\NPR.cpp">
      <Filter>Source Files</Filter>
    </ClCompile>
    <ClCompile Include="source\RenderingManager.cpp">
      <Filter>Source Files</Filter>
    </ClCompile>
    <ClCompile Include="source\UpdateManager.cpp">
      <Filter>Source Files</Filter>
    </ClCompile>
    <ClCompile Include="source\Components\Component.cpp">
      <Filter>Source Files\Components</Filter>
    </ClCompile>
    <ClCompile Include="source\Components\GameObject.cpp">
      <Filter>Source Files\Components</Filter>
    </ClCompile>
    <ClCompile Include="source\Components\Transform.cpp">
      <Filter>Source Files\Components</Filter>
    </ClCompile>
    <ClCompile Include="source\InputManager.cpp">
      <Filter>Source Files</Filter>
    </ClCompile>
    <ClCompile Include="source\Components\Renderer.cpp">
      <Filter>Source Files\Components</Filter>
    </ClCompile>
    <ClCompile Include="source\DeferredRendering.cpp">
      <Filter>Source Files</Filter>
    </ClCompile>
    <ClCompile Include="source\Shading\Material.cpp">
      <Filter>Source Files\Shading</Filter>
    </ClCompile>
    <ClCompile Include="source\Shading\Shader.cpp">
      <Filter>Source Files\Shading</Filter>
    </ClCompile>
    <ClCompile Include="source\Shading\Mesh.cpp">
      <Filter>Source Files\Shading</Filter>
    </ClCompile>
    <ClCompile Include="Models\sphere.cpp">
      <Filter>Models</Filter>
    </ClCompile>
    <ClCompile Include="source\Components\Camera.cpp">
      <Filter>Source Files\Components</Filter>
    </ClCompile>
    <ClCompile Include="source\Components\CameraController.cpp">
      <Filter>Source Files\Components</Filter>
    </ClCompile>
    <ClCompile Include="source\Components\PlayerMovement.cpp">
      <Filter>Source Files\Components</Filter>
    </ClCompile>
    <ClCompile Include="source\Components\Light.cpp">
      <Filter>Source Files\Components</Filter>
    </ClCompile>
    <ClCompile Include="source\Scene.cpp">
      <Filter>Source Files</Filter>
    </ClCompile>
    <ClCompile Include="include\pugixml\pugixml.cpp">
      <Filter>Header Files\pugixml</Filter>
    </ClCompile>
    <ClCompile Include="source\Components\ShadowRenderer.cpp">
      <Filter>Source Files</Filter>
    </ClCompile>
    <ClCompile Include="source\Components\PointLight.cpp">
      <Filter>Source Files</Filter>
    </ClCompile>
    <ClCompile Include="source\Components\DirectionalLight.cpp">
      <Filter>Source Files</Filter>
    </ClCompile>
    <ClCompile Include="source\Components\Rotator.cpp">
      <Filter>Source Files</Filter>
    </ClCompile>
  </ItemGroup>
  <ItemGroup>
    <ClInclude Include="include\RenderingManager.h">
      <Filter>Header Files</Filter>
    </ClInclude>
    <ClInclude Include="include\InputManager.h">
      <Filter>Header Files</Filter>
    </ClInclude>
    <ClInclude Include="include\UpdateManager.h">
      <Filter>Header Files</Filter>
    </ClInclude>
    <ClInclude Include="include\Components\Transform.h">
      <Filter>Header Files\Components</Filter>
    </ClInclude>
    <ClInclude Include="include\Components\GameObject.h">
      <Filter>Header Files\Components</Filter>
    </ClInclude>
    <ClInclude Include="include\Components\Component.h">
      <Filter>Header Files\Components</Filter>
    </ClInclude>
    <ClInclude Include="include\Components\Renderer.h">
      <Filter>Header Files\Components</Filter>
    </ClInclude>
    <ClInclude Include="include\Shading\Shader.h">
      <Filter>Header Files\Shading</Filter>
    </ClInclude>
    <ClInclude Include="include\Shading\Material.h">
      <Filter>Header Files\Shading</Filter>
    </ClInclude>
    <ClInclude Include="include\Shading\Mesh.h">
      <Filter>Header Files\Shading</Filter>
    </ClInclude>
    <ClInclude Include="Models\sphere.h">
      <Filter>Models</Filter>
    </ClInclude>
    <ClInclude Include="include\DeferredRendering.h">
      <Filter>Header Files</Filter>
    </ClInclude>
    <ClInclude Include="include\Components\Camera.h">
      <Filter>Header Files\Components</Filter>
    </ClInclude>
    <ClInclude Include="include\Components\PlayerMovement.h">
      <Filter>Header Files\Components</Filter>
    </ClInclude>
    <ClInclude Include="include\Components\CameraController.h">
      <Filter>Header Files\Components</Filter>
    </ClInclude>
    <ClInclude Include="include\Components\Light.h">
      <Filter>Header Files\Components</Filter>
    </ClInclude>
    <ClInclude Include="include\Header.h">
      <Filter>Header Files</Filter>
    </ClInclude>
    <ClInclude Include="include\Scene.h">
      <Filter>Header Files</Filter>
    </ClInclude>
    <ClInclude Include="include\pugixml\pugiconfig.hpp">
      <Filter>Header Files\pugixml</Filter>
    </ClInclude>
    <ClInclude Include="include\pugixml\pugixml.hpp">
      <Filter>Header Files\pugixml</Filter>
    </ClInclude>
    <ClInclude Include="include\Components\ShadowRenderer.h">
      <Filter>Header Files</Filter>
    </ClInclude>
    <ClInclude Include="include\Components\PointLight.h">
      <Filter>Header Files</Filter>
    </ClInclude>
    <ClInclude Include="include\Components\SpotLight.h">
      <Filter>Header Files</Filter>
    </ClInclude>
    <ClInclude Include="include\Components\DirectionalLight.h">
      <Filter>Header Files</Filter>
    </ClInclude>
    <ClInclude Include="include\Components\Rotator.h">
      <Filter>Header Files</Filter>
    </ClInclude>
  </ItemGroup>
  <ItemGroup>
    <None Include="shaders\gBuffer-fs.glsl">
      <Filter>Shaders</Filter>
    </None>
    <None Include="Textures\Wood\WoodWhiteAlbedo.jpg~" />
    <None Include="Textures\Wood\WoodAlbedo.jpg~" />
    <None Include="Textures\Glass\glass.png~" />
    <None Include="Textures\Planks\PlanksAlbedo.png~" />
    <None Include="Textures\Plaster\PlasterNormal.jpg~" />
    <None Include="shaders\default-fs.glsl">
      <Filter>Shaders</Filter>
    </None>
    <None Include="shaders\default-vs.glsl">
      <Filter>Shaders</Filter>
    </None>
    <None Include="shaders\gBuffer-vs.glsl">
      <Filter>Shaders</Filter>
    </None>
    <None Include="shaders\outlineCross-fs.glsl" />
    <None Include="shaders\phong-fs.glsl" />
    <None Include="shaders\tonemapping-fs.glsl" />
    <None Include="shaders\toScreen.glsl" />
  </ItemGroup>
  <ItemGroup>
    <Image Include="Textures\white.png">
      <Filter>Shaders\Resource Files</Filter>
    </Image>
    <Image Include="Textures\black.png">
      <Filter>Shaders\Resource Files</Filter>
    </Image>
    <Image Include="Textures\hexMetal_basecolor.png">
      <Filter>Shaders\Resource Files</Filter>
    </Image>
    <Image Include="Textures\hexMetal_normal.png">
      <Filter>Shaders\Resource Files</Filter>
    </Image>
    <Image Include="Textures\metalFloorAlbedo.jpg">
      <Filter>Shaders\Resource Files</Filter>
    </Image>
    <Image Include="Textures\normalDefault.png">
      <Filter>Shaders\Resource Files</Filter>
    </Image>
    <Image Include="Textures\sparkFlipbook.png">
      <Filter>Shaders\Resource Files</Filter>
    </Image>
    <Image Include="Textures\Wood\WoodWhiteAlbedo.jpg">
      <Filter>Shaders\Resource Files</Filter>
    </Image>
    <Image Include="Textures\Wood\WoodAlbedo.jpg">
      <Filter>Shaders\Resource Files</Filter>
    </Image>
    <Image Include="Textures\Wood\WoodBlueAlbedo.jpg">
      <Filter>Shaders\Resource Files</Filter>
    </Image>
    <Image Include="Textures\Wood\WoodCyanAlbedo.jpg">
      <Filter>Shaders\Resource Files</Filter>
    </Image>
    <Image Include="Textures\Wood\WoodLightAlbedo.jpg">
      <Filter>Shaders\Resource Files</Filter>
    </Image>
    <Image Include="Textures\Wood\WoodMask.png">
      <Filter>Shaders\Resource Files</Filter>
    </Image>
    <Image Include="Textures\Wood\WoodNormal.jpg">
      <Filter>Shaders\Resource Files</Filter>
    </Image>
    <Image Include="Textures\carMat\diffuse.png">
      <Filter>Shaders\Resource Files</Filter>
    </Image>
    <Image Include="Textures\carMat\emission.png">
      <Filter>Shaders\Resource Files</Filter>
    </Image>
    <Image Include="Textures\carMat\mask.png">
      <Filter>Shaders\Resource Files</Filter>
    </Image>
    <Image Include="Textures\carMat\metallic.png">
      <Filter>Shaders\Resource Files</Filter>
    </Image>
    <Image Include="Textures\carMat\normal.png">
      <Filter>Shaders\Resource Files</Filter>
    </Image>
    <Image Include="Textures\carMat\roughness.png">
      <Filter>Shaders\Resource Files</Filter>
    </Image>
    <Image Include="Textures\carMat\specular.png">
      <Filter>Shaders\Resource Files</Filter>
    </Image>
    <Image Include="Textures\Concrete\ConcreteAlbedo.jpg">
      <Filter>Shaders\Resource Files</Filter>
    </Image>
    <Image Include="Textures\Concrete\ConcreteMask.png">
      <Filter>Shaders\Resource Files</Filter>
    </Image>
    <Image Include="Textures\Concrete\ConcreteNormal.jpg">
      <Filter>Shaders\Resource Files</Filter>
    </Image>
    <Image Include="Textures\GalvanizedMetal\Metal_Galvanized_001_basecolor.jpg">
      <Filter>Shaders\Resource Files</Filter>
    </Image>
    <Image Include="Textures\GalvanizedMetal\Metal_Galvanized_001_mask.png">
      <Filter>Shaders\Resource Files</Filter>
    </Image>
    <Image Include="Textures\GalvanizedMetal\Metal_Galvanized_001_normal.jpg">
      <Filter>Shaders\Resource Files</Filter>
    </Image>
    <Image Include="Textures\GasPlanet\albedo.png">
      <Filter>Shaders\Resource Files</Filter>
    </Image>
    <Image Include="Textures\GasPlanet\flowmap.png">
      <Filter>Shaders\Resource Files</Filter>
    </Image>
    <Image Include="Textures\GasPlanet\gradient.png">
      <Filter>Shaders\Resource Files</Filter>
    </Image>
    <Image Include="Textures\GasPlanet\gradient1.png">
      <Filter>Shaders\Resource Files</Filter>
    </Image>
    <Image Include="Textures\Glass\glass.png">
      <Filter>Shaders\Resource Files</Filter>
    </Image>
    <Image Include="Textures\Glass\glassLitMask.png">
      <Filter>Shaders\Resource Files</Filter>
    </Image>
    <Image Include="Textures\GunMetal\BrassAlbedo.jpg">
      <Filter>Shaders\Resource Files</Filter>
    </Image>
    <Image Include="Textures\GunMetal\BrassAlbedo.png">
      <Filter>Shaders\Resource Files</Filter>
    </Image>
    <Image Include="Textures\GunMetal\GunMetalAlbedo.jpg">
      <Filter>Shaders\Resource Files</Filter>
    </Image>
    <Image Include="Textures\GunMetal\GunMetalAlbedo.png">
      <Filter>Shaders\Resource Files</Filter>
    </Image>
    <Image Include="Textures\GunMetal\GunMetalMask.png">
      <Filter>Shaders\Resource Files</Filter>
    </Image>
    <Image Include="Textures\GunMetal\GunMetalNormal.jpg">
      <Filter>Shaders\Resource Files</Filter>
    </Image>
    <Image Include="Textures\GunMetal\GunMetalNormal.png">
      <Filter>Shaders\Resource Files</Filter>
    </Image>
    <Image Include="Textures\HexPlastic\hexPlasticMask.png">
      <Filter>Shaders\Resource Files</Filter>
    </Image>
    <Image Include="Textures\HexPlastic\hexPlasticNormal.jpg">
      <Filter>Shaders\Resource Files</Filter>
    </Image>
    <Image Include="Textures\Planks\PlanksAlbedo.jpg">
      <Filter>Shaders\Resource Files</Filter>
    </Image>
    <Image Include="Textures\Planks\PlanksAlbedo.png">
      <Filter>Shaders\Resource Files</Filter>
    </Image>
    <Image Include="Textures\Planks\PlanksMask.png">
      <Filter>Shaders\Resource Files</Filter>
    </Image>
    <Image Include="Textures\Planks\PlanksNormal.jpg">
      <Filter>Shaders\Resource Files</Filter>
    </Image>
    <Image Include="Textures\Planks\PlanksNormal.png">
      <Filter>Shaders\Resource Files</Filter>
    </Image>
    <Image Include="Textures\Plaster\PlasterAlbedo.jpg">
      <Filter>Shaders\Resource Files</Filter>
    </Image>
    <Image Include="Textures\Plaster\PlasterAlbedo.png">
      <Filter>Shaders\Resource Files</Filter>
    </Image>
    <Image Include="Textures\Plaster\PlasterMask.png">
      <Filter>Shaders\Resource Files</Filter>
    </Image>
    <Image Include="Textures\Plaster\PlasterNormal.jpg">
      <Filter>Shaders\Resource Files</Filter>
    </Image>
    <Image Include="Textures\Plaster\PlasterNormal.png">
      <Filter>Shaders\Resource Files</Filter>
    </Image>
    <Image Include="Textures\Shield\noiseFractal1.png">
      <Filter>Shaders\Resource Files</Filter>
    </Image>
    <Image Include="Textures\Shield\noiseFractal2.png">
      <Filter>Shaders\Resource Files</Filter>
    </Image>
    <Image Include="Textures\Shield\shield.png">
      <Filter>Shaders\Resource Files</Filter>
    </Image>
    <Image Include="Textures\Skybox\bkg1_back6.png">
      <Filter>Shaders\Resource Files</Filter>
    </Image>
    <Image Include="Textures\Skybox\bkg1_bottom4.png">
      <Filter>Shaders\Resource Files</Filter>
    </Image>
    <Image Include="Textures\Skybox\bkg1_front5.png">
      <Filter>Shaders\Resource Files</Filter>
    </Image>
    <Image Include="Textures\Skybox\bkg1_left2.png">
      <Filter>Shaders\Resource Files</Filter>
    </Image>
    <Image Include="Textures\Skybox\bkg1_right1.png">
      <Filter>Shaders\Resource Files</Filter>
    </Image>
    <Image Include="Textures\SquareFloor\LitMask.png">
      <Filter>Shaders\Resource Files</Filter>
    </Image>
    <Image Include="Textures\SquareFloor\SquareFloor_basecolor.png">
      <Filter>Shaders\Resource Files</Filter>
    </Image>
    <Image Include="Textures\SquareFloor\SquareFloor_normal.png">
      <Filter>Shaders\Resource Files</Filter>
    </Image>
    <Image Include="Textures\StylWood\StylWoodAlbedo.jpg">
      <Filter>Shaders\Resource Files</Filter>
    </Image>
    <Image Include="Textures\StylWood\StylWoodMask.png">
      <Filter>Shaders\Resource Files</Filter>
    </Image>
    <Image Include="Textures\StylWood\StylWoodNormal.jpg">
      <Filter>Shaders\Resource Files</Filter>
    </Image>
    <Image Include="Textures\TriangleWall\LitMask.png">
      <Filter>Shaders\Resource Files</Filter>
    </Image>
    <Image Include="Textures\TriangleWall\triangularWall_basecolor.png">
      <Filter>Shaders\Resource Files</Filter>
    </Image>
    <Image Include="Textures\TriangleWall\triangularWall_normal.png">
      <Filter>Shaders\Resource Files</Filter>
    </Image>
    <Image Include="Textures\Skybox\bkg1_top3.png">
      <Filter>Shaders\Resource Files</Filter>
    </Image>
  </ItemGroup>
</Project>